
Microsoft Visual Studio Solution File, Format Version 12.00
# Visual Studio Version 16
VisualStudioVersion = 16.0.31729.503
MinimumVisualStudioVersion = 10.0.40219.1
Project("{FAE04EC0-301F-11D3-BF4B-00C04F79EFBC}") = "LuisCornejo3CDEBERHERENCIA", "LuisCornejo3CDEBERHERENCIA\LuisCornejo3CDEBERHERENCIA.csproj", "{FF250D4C-DB76-45E0-9C09-BA79938F677E}"
EndProject
Global
	GlobalSection(SolutionConfigurationPlatforms) = preSolution
		Debug|Any CPU = Debug|Any CPU
		Release|Any CPU = Release|Any CPU
	EndGlobalSection
	GlobalSection(ProjectConfigurationPlatforms) = postSolution
		{FF250D4C-DB76-45E0-9C09-BA79938F677E}.Debug|Any CPU.ActiveCfg = Debug|Any CPU
		{FF250D4C-DB76-45E0-9C09-BA79938F677E}.Debug|Any CPU.Build.0 = Debug|Any CPU
		{FF250D4C-DB76-45E0-9C09-BA79938F677E}.Release|Any CPU.ActiveCfg = Release|Any CPU
		{FF250D4C-DB76-45E0-9C09-BA79938F677E}.Release|Any CPU.Build.0 = Release|Any CPU
	EndGlobalSection
	GlobalSection(SolutionProperties) = preSolution
		HideSolutionNode = FALSE
	EndGlobalSection
	GlobalSection(ExtensibilityGlobals) = postSolution
		SolutionGuid = {148A1A78-FA72-4225-9874-E5E478B8160A}
	EndGlobalSection
EndGlobal
